
Microsoft Visual Studio Solution File, Format Version 12.00
# Visual Studio Version 17
VisualStudioVersion = 17.11.35327.3
MinimumVisualStudioVersion = 10.0.40219.1
Project("{FAE04EC0-301F-11D3-BF4B-00C04F79EFBC}") = "Hangman", "Hangman\Hangman.csproj", "{F8456ED6-2DB2-45A1-9C88-693DBC0E7D5A}"
EndProject
Global
	GlobalSection(SolutionConfigurationPlatforms) = preSolution
		Debug|Any CPU = Debug|Any CPU
		Release|Any CPU = Release|Any CPU
	EndGlobalSection
	GlobalSection(ProjectConfigurationPlatforms) = postSolution
		{F8456ED6-2DB2-45A1-9C88-693DBC0E7D5A}.Debug|Any CPU.ActiveCfg = Debug|Any CPU
		{F8456ED6-2DB2-45A1-9C88-693DBC0E7D5A}.Debug|Any CPU.Build.0 = Debug|Any CPU
		{F8456ED6-2DB2-45A1-9C88-693DBC0E7D5A}.Release|Any CPU.ActiveCfg = Release|Any CPU
		{F8456ED6-2DB2-45A1-9C88-693DBC0E7D5A}.Release|Any CPU.Build.0 = Release|Any CPU
	EndGlobalSection
	GlobalSection(SolutionProperties) = preSolution
		HideSolutionNode = FALSE
	EndGlobalSection
	GlobalSection(ExtensibilityGlobals) = postSolution
		SolutionGuid = {619C2420-463F-4D42-9C8D-4713A3130B2C}
	EndGlobalSection
EndGlobal
